
Microsoft Visual Studio Solution File, Format Version 12.00
# Visual Studio Version 17
VisualStudioVersion = 17.12.35527.113 d17.12
MinimumVisualStudioVersion = 10.0.40219.1
Project("{F184B08F-C81C-45F6-A57F-5ABD9991F28F}") = "E-Commerce", "E-Commerce\E-Commerce.vbproj", "{0B0D70C2-9224-4868-9A65-1FB432B0D2DB}"
EndProject
Global
	GlobalSection(SolutionConfigurationPlatforms) = preSolution
		Debug|Any CPU = Debug|Any CPU
		Release|Any CPU = Release|Any CPU
	EndGlobalSection
	GlobalSection(ProjectConfigurationPlatforms) = postSolution
		{0B0D70C2-9224-4868-9A65-1FB432B0D2DB}.Debug|Any CPU.ActiveCfg = Debug|Any CPU
		{0B0D70C2-9224-4868-9A65-1FB432B0D2DB}.Debug|Any CPU.Build.0 = Debug|Any CPU
		{0B0D70C2-9224-4868-9A65-1FB432B0D2DB}.Release|Any CPU.ActiveCfg = Release|Any CPU
		{0B0D70C2-9224-4868-9A65-1FB432B0D2DB}.Release|Any CPU.Build.0 = Release|Any CPU
	EndGlobalSection
	GlobalSection(SolutionProperties) = preSolution
		HideSolutionNode = FALSE
	EndGlobalSection
EndGlobal
